
Microsoft Visual Studio Solution File, Format Version 12.00
# Visual Studio 14
VisualStudioVersion = 14.0.24720.0
MinimumVisualStudioVersion = 10.0.40219.1
Project("{8BC9CEB8-8B4A-11D0-8D11-00A0C91BC942}") = "chat", "servers\chat\chat.vcxproj", "{DB16E953-68C6-4D15-9ACB-14FF467B0B16}"
EndProject
Project("{8BC9CEB8-8B4A-11D0-8D11-00A0C91BC942}") = "aprpc", "include\aprpc\aprpc.vcxproj", "{57AF09BB-2020-4A76-9EF8-2BDC02564594}"
EndProject
Project("{8BC9CEB8-8B4A-11D0-8D11-00A0C91BC942}") = "client", "client\client.vcxproj", "{3EB46766-D6A6-44D5-8A0A-A8078435D39A}"
EndProject
Global
	GlobalSection(SolutionConfigurationPlatforms) = preSolution
		Debug|x64 = Debug|x64
		Debug|x86 = Debug|x86
		Release|x64 = Release|x64
		Release|x86 = Release|x86
	EndGlobalSection
	GlobalSection(ProjectConfigurationPlatforms) = postSolution
		{DB16E953-68C6-4D15-9ACB-14FF467B0B16}.Debug|x64.ActiveCfg = Debug|x64
		{DB16E953-68C6-4D15-9ACB-14FF467B0B16}.Debug|x64.Build.0 = Debug|x64
		{DB16E953-68C6-4D15-9ACB-14FF467B0B16}.Debug|x86.ActiveCfg = Debug|Win32
		{DB16E953-68C6-4D15-9ACB-14FF467B0B16}.Debug|x86.Build.0 = Debug|Win32
		{DB16E953-68C6-4D15-9ACB-14FF467B0B16}.Release|x64.ActiveCfg = Release|x64
		{DB16E953-68C6-4D15-9ACB-14FF467B0B16}.Release|x64.Build.0 = Release|x64
		{DB16E953-68C6-4D15-9ACB-14FF467B0B16}.Release|x86.ActiveCfg = Release|Win32
		{DB16E953-68C6-4D15-9ACB-14FF467B0B16}.Release|x86.Build.0 = Release|Win32
		{57AF09BB-2020-4A76-9EF8-2BDC02564594}.Debug|x64.ActiveCfg = Debug|x64
		{57AF09BB-2020-4A76-9EF8-2BDC02564594}.Debug|x64.Build.0 = Debug|x64
		{57AF09BB-2020-4A76-9EF8-2BDC02564594}.Debug|x86.ActiveCfg = Debug|Win32
		{57AF09BB-2020-4A76-9EF8-2BDC02564594}.Debug|x86.Build.0 = Debug|Win32
		{57AF09BB-2020-4A76-9EF8-2BDC02564594}.Release|x64.ActiveCfg = Release|x64
		{57AF09BB-2020-4A76-9EF8-2BDC02564594}.Release|x64.Build.0 = Release|x64
		{57AF09BB-2020-4A76-9EF8-2BDC02564594}.Release|x86.ActiveCfg = Release|Win32
		{57AF09BB-2020-4A76-9EF8-2BDC02564594}.Release|x86.Build.0 = Release|Win32
		{3EB46766-D6A6-44D5-8A0A-A8078435D39A}.Debug|x64.ActiveCfg = Debug|x64
		{3EB46766-D6A6-44D5-8A0A-A8078435D39A}.Debug|x64.Build.0 = Debug|x64
		{3EB46766-D6A6-44D5-8A0A-A8078435D39A}.Debug|x86.ActiveCfg = Debug|Win32
		{3EB46766-D6A6-44D5-8A0A-A8078435D39A}.Debug|x86.Build.0 = Debug|Win32
		{3EB46766-D6A6-44D5-8A0A-A8078435D39A}.Release|x64.ActiveCfg = Release|x64
		{3EB46766-D6A6-44D5-8A0A-A8078435D39A}.Release|x64.Build.0 = Release|x64
		{3EB46766-D6A6-44D5-8A0A-A8078435D39A}.Release|x86.ActiveCfg = Release|Win32
		{3EB46766-D6A6-44D5-8A0A-A8078435D39A}.Release|x86.Build.0 = Release|Win32
	EndGlobalSection
	GlobalSection(SolutionProperties) = preSolution
		HideSolutionNode = FALSE
	EndGlobalSection
EndGlobal
